
Microsoft Visual Studio Solution File, Format Version 12.00
# Visual Studio Version 17
VisualStudioVersion = 17.10.35013.160
MinimumVisualStudioVersion = 10.0.40219.1
Project("{9A19103F-16F7-4668-BE54-9A1E7A4F7556}") = "ProblemSolver", "ProblemSolver\ProblemSolver.csproj", "{5A567016-04C6-4E6F-9103-AEAC531B7FBD}"
EndProject
Project("{9A19103F-16F7-4668-BE54-9A1E7A4F7556}") = "ProblemSolver.Application", "ProblemSolver.Application\ProblemSolver.Application.csproj", "{BE81B625-4AF4-4AA2-8208-062F83CD382E}"
EndProject
Project("{FAE04EC0-301F-11D3-BF4B-00C04F79EFBC}") = "ProblemSolver.Domain", "ProblemSolver.Domain\ProblemSolver.Domain.csproj", "{39A4452A-A1BE-4574-8B8F-C5B19B57B485}"
EndProject
Project("{FAE04EC0-301F-11D3-BF4B-00C04F79EFBC}") = "ProblemSolver.Infrastructure", "ProblemSolver.Infrastructure\ProblemSolver.Infrastructure.csproj", "{7EED7FDE-5241-4F75-A33A-981CBB26E74A}"
EndProject
Global
	GlobalSection(SolutionConfigurationPlatforms) = preSolution
		Debug|Any CPU = Debug|Any CPU
		Release|Any CPU = Release|Any CPU
	EndGlobalSection
	GlobalSection(ProjectConfigurationPlatforms) = postSolution
		{5A567016-04C6-4E6F-9103-AEAC531B7FBD}.Debug|Any CPU.ActiveCfg = Debug|Any CPU
		{5A567016-04C6-4E6F-9103-AEAC531B7FBD}.Debug|Any CPU.Build.0 = Debug|Any CPU
		{5A567016-04C6-4E6F-9103-AEAC531B7FBD}.Release|Any CPU.ActiveCfg = Release|Any CPU
		{5A567016-04C6-4E6F-9103-AEAC531B7FBD}.Release|Any CPU.Build.0 = Release|Any CPU
		{BE81B625-4AF4-4AA2-8208-062F83CD382E}.Debug|Any CPU.ActiveCfg = Debug|Any CPU
		{BE81B625-4AF4-4AA2-8208-062F83CD382E}.Debug|Any CPU.Build.0 = Debug|Any CPU
		{BE81B625-4AF4-4AA2-8208-062F83CD382E}.Release|Any CPU.ActiveCfg = Release|Any CPU
		{BE81B625-4AF4-4AA2-8208-062F83CD382E}.Release|Any CPU.Build.0 = Release|Any CPU
		{39A4452A-A1BE-4574-8B8F-C5B19B57B485}.Debug|Any CPU.ActiveCfg = Debug|Any CPU
		{39A4452A-A1BE-4574-8B8F-C5B19B57B485}.Debug|Any CPU.Build.0 = Debug|Any CPU
		{39A4452A-A1BE-4574-8B8F-C5B19B57B485}.Release|Any CPU.ActiveCfg = Release|Any CPU
		{39A4452A-A1BE-4574-8B8F-C5B19B57B485}.Release|Any CPU.Build.0 = Release|Any CPU
		{7EED7FDE-5241-4F75-A33A-981CBB26E74A}.Debug|Any CPU.ActiveCfg = Debug|Any CPU
		{7EED7FDE-5241-4F75-A33A-981CBB26E74A}.Debug|Any CPU.Build.0 = Debug|Any CPU
		{7EED7FDE-5241-4F75-A33A-981CBB26E74A}.Release|Any CPU.ActiveCfg = Release|Any CPU
		{7EED7FDE-5241-4F75-A33A-981CBB26E74A}.Release|Any CPU.Build.0 = Release|Any CPU
	EndGlobalSection
	GlobalSection(SolutionProperties) = preSolution
		HideSolutionNode = FALSE
	EndGlobalSection
	GlobalSection(ExtensibilityGlobals) = postSolution
		SolutionGuid = {43802A08-BB30-4891-9175-4480BFF8A55F}
	EndGlobalSection
EndGlobal
